
Microsoft Visual Studio Solution File, Format Version 12.00
# Visual Studio Version 16
VisualStudioVersion = 16.0.30804.86
MinimumVisualStudioVersion = 10.0.40219.1
Project("{9A19103F-16F7-4668-BE54-9A1E7A4F7556}") = "PortnoxNetworkEvents.ConsoleApp", "PortnoxNetworkEvents.ConsoleApp\PortnoxNetworkEvents.ConsoleApp.csproj", "{62D82544-7FA8-4461-8281-DBF56227B691}"
EndProject
Project("{FAE04EC0-301F-11D3-BF4B-00C04F79EFBC}") = "PortnoxNetworkEvents.Tests", "PortnoxNetworkEvents.Tests\PortnoxNetworkEvents.Tests.csproj", "{459F78C3-35E3-4154-8F40-D38649DFC6CA}"
EndProject
Global
	GlobalSection(SolutionConfigurationPlatforms) = preSolution
		Debug|Any CPU = Debug|Any CPU
		Release|Any CPU = Release|Any CPU
	EndGlobalSection
	GlobalSection(ProjectConfigurationPlatforms) = postSolution
		{62D82544-7FA8-4461-8281-DBF56227B691}.Debug|Any CPU.ActiveCfg = Debug|Any CPU
		{62D82544-7FA8-4461-8281-DBF56227B691}.Debug|Any CPU.Build.0 = Debug|Any CPU
		{62D82544-7FA8-4461-8281-DBF56227B691}.Release|Any CPU.ActiveCfg = Release|Any CPU
		{62D82544-7FA8-4461-8281-DBF56227B691}.Release|Any CPU.Build.0 = Release|Any CPU
		{459F78C3-35E3-4154-8F40-D38649DFC6CA}.Debug|Any CPU.ActiveCfg = Debug|Any CPU
		{459F78C3-35E3-4154-8F40-D38649DFC6CA}.Debug|Any CPU.Build.0 = Debug|Any CPU
		{459F78C3-35E3-4154-8F40-D38649DFC6CA}.Release|Any CPU.ActiveCfg = Release|Any CPU
		{459F78C3-35E3-4154-8F40-D38649DFC6CA}.Release|Any CPU.Build.0 = Release|Any CPU
	EndGlobalSection
	GlobalSection(SolutionProperties) = preSolution
		HideSolutionNode = FALSE
	EndGlobalSection
	GlobalSection(ExtensibilityGlobals) = postSolution
		SolutionGuid = {97423A43-B35B-449C-A0FF-7E8E8CC345AE}
	EndGlobalSection
EndGlobal
